{
    "_readme": [
        "This file locks the dependencies of your project to a known state",
        "Read more about it at https://getcomposer.org/doc/01-basic-usage.md#composer-lock-the-lock-file",
        "This file is @generated automatically"
    ],
    "hash": "4b2a021d3d5587b3b3c77fbcd0d79557",
    "content-hash": "c1cf49b4a665bba59b56156f35ae8108",
    "packages": [
        {
            "name": "fenom/fenom",
            "version": "2.11.5",
            "source": {
                "type": "git",
                "url": "https://github.com/fenom-template/fenom.git",
                "reference": "e97ef95ef52263e41a54a66366285ba10c8bdad5"
            },
            "dist": {
                "type": "zip",
                "url": "https://api.github.com/repos/fenom-template/fenom/zipball/e97ef95ef52263e41a54a66366285ba10c8bdad5",
                "reference": "e97ef95ef52263e41a54a66366285ba10c8bdad5",
                "shasum": ""
            },
            "require": {
                "ext-tokenizer": "*",
                "php": ">=5.3.0"
            },
            "require-dev": {
                "phpunit/phpunit": "*",
                "satooshi/php-coveralls": "*"
            },
            "type": "library",
            "autoload": {
                "psr-0": {
                    "Fenom\\": "src/"
                },
                "classmap": [
                    "src/Fenom.php"
                ]
            },
            "notification-url": "https://packagist.org/downloads/",
            "license": [
                "BSD-3"
            ],
            "authors": [
                {
                    "name": "Ivan Shalganov",
                    "email": "a.cobest@gmail.com"
                }
            ],
            "description": "Fenom - excellent template engine for PHP",
            "keywords": [
                "fenom",
                "template",
                "templater",
                "templating"
            ],
            "time": "2016-11-18 19:30:44"
        }
    ],
    "packages-dev": [],
    "aliases": [],
    "minimum-stability": "stable",
    "stability-flags": [],
    "prefer-stable": false,
    "prefer-lowest": false,
    "platform": [],
    "platform-dev": []
}
